
Microsoft Visual Studio Solution File, Format Version 12.00
# Visual Studio Version 16
VisualStudioVersion = 16.0.29418.71
MinimumVisualStudioVersion = 10.0.40219.1
Project("{FAE04EC0-301F-11D3-BF4B-00C04F79EFBC}") = "AceAceGroupTestApplication", "AceAceGroupTestApplication.csproj", "{ADE80874-0326-4B34-9513-E7BA2DB16DD3}"
EndProject
Global
	GlobalSection(SolutionConfigurationPlatforms) = preSolution
		Debug|Any CPU = Debug|Any CPU
		Release|Any CPU = Release|Any CPU
	EndGlobalSection
	GlobalSection(ProjectConfigurationPlatforms) = postSolution
		{ADE80874-0326-4B34-9513-E7BA2DB16DD3}.Debug|Any CPU.ActiveCfg = Debug|Any CPU
		{ADE80874-0326-4B34-9513-E7BA2DB16DD3}.Debug|Any CPU.Build.0 = Debug|Any CPU
		{ADE80874-0326-4B34-9513-E7BA2DB16DD3}.Release|Any CPU.ActiveCfg = Release|Any CPU
		{ADE80874-0326-4B34-9513-E7BA2DB16DD3}.Release|Any CPU.Build.0 = Release|Any CPU
	EndGlobalSection
	GlobalSection(SolutionProperties) = preSolution
		HideSolutionNode = FALSE
	EndGlobalSection
	GlobalSection(ExtensibilityGlobals) = postSolution
		SolutionGuid = {490FDB20-8697-47AF-AE0D-8D97AAB29A49}
	EndGlobalSection
EndGlobal
